// !$*UTF8*$!
{
	archiveVersion = 1;
	classes = {
	};
	objectVersion = 77;
	objects = {

/* Begin PBXBuildFile section */
		00D4CCC164CF71C8E9110F01 /* aria-film-v2.mp4 in Resources */ = {isa = PBXBuildFile; fileRef = 6BA0B29DA6DFE995EEE16827 /* aria-film-v2.mp4 */; };
		01C959B14340E03E7D4D41B2 /* NinfeaCinema.swift in Sources */ = {isa = PBXBuildFile; fileRef = 205C91FAD53CEC3928277F81 /* NinfeaCinema.swift */; };
		073AB33A6033AC73D703E608 /* ObjectViewer.swift in Sources */ = {isa = PBXBuildFile; fileRef = DC46B7DC8500987396D0C75D /* ObjectViewer.swift */; };
		0C3BB687CDA086420032F89A /* Greca.usdz in Resources */ = {isa = PBXBuildFile; fileRef = 922ABBCE95E286DB90AA532E /* Greca.usdz */; };
		117E058D6341136DAB82EF6D /* RoomPlacementModel.swift in Sources */ = {isa = PBXBuildFile; fileRef = D219A42F0F11722004A9ED1B /* RoomPlacementModel.swift */; };
		1A25BEA4CEBD7F396CEDDA60 /* NinfeaStory.swift in Sources */ = {isa = PBXBuildFile; fileRef = D4BD1EE31F7C199D6DAD475C /* NinfeaStory.swift */; };
		1C50403690C3AF89F09F7A46 /* aria-loop-v2.mp4 in Resources */ = {isa = PBXBuildFile; fileRef = E72B0B9A2065ECA016C9E530 /* aria-loop-v2.mp4 */; };
		1E422D8F743225E5DC1C6C4B /* production.jpg in Resources */ = {isa = PBXBuildFile; fileRef = D857B43F6F8433444EA53ADE /* production.jpg */; };
		1F8FF3ED9FDF09276E732A12 /* Projects.swift in Sources */ = {isa = PBXBuildFile; fileRef = 319851BB55623979FE40C513 /* Projects.swift */; };
		23F2E2778398E4ABF93B8737 /* opera-loop-v2.mp4 in Resources */ = {isa = PBXBuildFile; fileRef = 48423E5D41CA9E73283426A6 /* opera-loop-v2.mp4 */; };
		2E61A4C6273A18A65C3B1151 /* stone.jpg in Resources */ = {isa = PBXBuildFile; fileRef = 200C0338C7066941F0D41381 /* stone.jpg */; };
		34D8442BABB4641EBEA5BB0C /* MaterialStudio.swift in Sources */ = {isa = PBXBuildFile; fileRef = 115177084A87D881A3F70994 /* MaterialStudio.swift */; };
		36BD7EC1CE189D4E6B9F0938 /* greca-start-v2.png in Resources */ = {isa = PBXBuildFile; fileRef = 510C09A66229FFCE5421E897 /* greca-start-v2.png */; };
		36D45DA9DCA6EE81DFF950EB /* App.swift in Sources */ = {isa = PBXBuildFile; fileRef = 50BF4C1CE6C2E47285FA6084 /* App.swift */; };
		3A923864B299F30FCCB37D58 /* ShippingAtelierScene.swift in Sources */ = {isa = PBXBuildFile; fileRef = 80A7C41726D2086E623F4A8A /* ShippingAtelierScene.swift */; };
		3B13E9E2C9CA77013FD0D3B2 /* PrivacyInfo.xcprivacy in Resources */ = {isa = PBXBuildFile; fileRef = B002A96E28C44197F2418A95 /* PrivacyInfo.xcprivacy */; };
		3B48D5B64C2CCE5E33479486 /* opera.jpg in Resources */ = {isa = PBXBuildFile; fileRef = 8B9E9451C86A79C46812A25D /* opera.jpg */; };
		3CB03EA0EBD37421E707494E /* RealityAtelierTests.swift in Sources */ = {isa = PBXBuildFile; fileRef = CC1EBD781C5BE290AC553C42 /* RealityAtelierTests.swift */; };
		3E32DB8956BECA97C7E26844 /* aria-final-v2.png in Resources */ = {isa = PBXBuildFile; fileRef = 556DF6C62E8A3AFA814A6C4A /* aria-final-v2.png */; };
		43297445D9CFC33B635AA854 /* greca-film-v2.mp4 in Resources */ = {isa = PBXBuildFile; fileRef = 771E47E08A7C1F8871AA3C03 /* greca-film-v2.mp4 */; };
		50A02DC7410C6D6D3381B045 /* interior.jpg in Resources */ = {isa = PBXBuildFile; fileRef = 3776267C1F0DB827DBEBB68A /* interior.jpg */; };
		52865D44CB6F34BBD75EA0C3 /* greca-editorial.jpg in Resources */ = {isa = PBXBuildFile; fileRef = 91874D6C11CB47206527617E /* greca-editorial.jpg */; };
		556031AFBC01ED618E9F0D68 /* CatalogData.swift in Sources */ = {isa = PBXBuildFile; fileRef = F35174F3897EDA5D14359707 /* CatalogData.swift */; };
		5695363E9109B786A3732E98 /* third-party-notices.txt in Resources */ = {isa = PBXBuildFile; fileRef = 558AD04625AB6CC5577EDA54 /* third-party-notices.txt */; };
		56B48C7F86569A1C65D45047 /* aria.jpg in Resources */ = {isa = PBXBuildFile; fileRef = A3AD3AD462395F7627F0F9ED /* aria.jpg */; };
		5807328559EB0FCB68D52279 /* InsightBoard.swift in Sources */ = {isa = PBXBuildFile; fileRef = 143757887A660060C31EEA9F /* InsightBoard.swift */; };
		5A04D150B5857BBA96742663 /* oriente.jpg in Resources */ = {isa = PBXBuildFile; fileRef = A177BC09A63FBF19E80DCF74 /* oriente.jpg */; };
		622429E388CF81F64A0BEF38 /* InsideVisuals.swift in Sources */ = {isa = PBXBuildFile; fileRef = A57996FF6A4B9A58C4F8C45E /* InsideVisuals.swift */; };
		655CB7EC2997AD545FD46A7B /* Assets.xcassets in Resources */ = {isa = PBXBuildFile; fileRef = 1C21E6FCCD97876F706ADB2E /* Assets.xcassets */; };
		664F09813FAF7AEA8DA33A77 /* opera-top.jpg in Resources */ = {isa = PBXBuildFile; fileRef = 6C53D942770B336103058500 /* opera-top.jpg */; };
		6765ADB5BB3496297E24A6DD /* CatalogMedia in Resources */ = {isa = PBXBuildFile; fileRef = D855C3BB253AC297C2A5282C /* CatalogMedia */; };
		6A5FFEFDCD82D51ECE33C0B1 /* InsideOperationsTests.swift in Sources */ = {isa = PBXBuildFile; fileRef = E4FAF20A36EDC10E0096E5FE /* InsideOperationsTests.swift */; };
		6BA100206BD88C0C97502BDE /* MaterialStudioScene.swift in Sources */ = {isa = PBXBuildFile; fileRef = CBE7AB302AA433C80A3F4A14 /* MaterialStudioScene.swift */; };
		6BC074B032EB288957F741A9 /* StudioLighting.swift in Sources */ = {isa = PBXBuildFile; fileRef = 1BC98A5F99D057EA8E7B64E9 /* StudioLighting.swift */; };
		6EC6836266FA7B8BAFDD4FF2 /* Workspaces.swift in Sources */ = {isa = PBXBuildFile; fileRef = FA83A08C7BD246CAD8B10652 /* Workspaces.swift */; };
		70405BBE76779F4C563F7B32 /* Owner.swift in Sources */ = {isa = PBXBuildFile; fileRef = 9455A5104B42AB58A498F29C /* Owner.swift */; };
		7328FB5F704F0862758A8C60 /* aria-start-v2.png in Resources */ = {isa = PBXBuildFile; fileRef = 86060A8E4C8C1CE7787D5D95 /* aria-start-v2.png */; };
		74EC55457697AA14155F9A3A /* CampusModel.swift in Sources */ = {isa = PBXBuildFile; fileRef = 8B26B8F45807277463ABB395 /* CampusModel.swift */; };
		76E6ED526183219048F0C37B /* ninfea-loop-v4.mp4 in Resources */ = {isa = PBXBuildFile; fileRef = 6F6B7A5907C06DA5AB8A11EA /* ninfea-loop-v4.mp4 */; };
		7766A9590CE8F89D59882203 /* opera-film-v2.mp4 in Resources */ = {isa = PBXBuildFile; fileRef = 5D878A25861675F23D4E46E4 /* opera-film-v2.mp4 */; };
		7D17699D63DFED89A183F7A0 /* ninfea-start-v4.png in Resources */ = {isa = PBXBuildFile; fileRef = E2905E231303FD10F6D8A870 /* ninfea-start-v4.png */; };
		81634AAE6E395D21A11163B0 /* opera-start-v2.png in Resources */ = {isa = PBXBuildFile; fileRef = AAF170DB4D3D010ACD2B57ED /* opera-start-v2.png */; };
		821FA71B237BBCDDCF147CA7 /* CampusOverview.swift in Sources */ = {isa = PBXBuildFile; fileRef = 632403708ED41F88A65A300E /* CampusOverview.swift */; };
		865AFC3CCA56E15332577F41 /* salini-logo.svg in Resources */ = {isa = PBXBuildFile; fileRef = 71A0945E0526B6B9D34EAD27 /* salini-logo.svg */; };
		8BC38A8738DEDBFFA383B4AF /* RoomPlacement.swift in Sources */ = {isa = PBXBuildFile; fileRef = 165524023E4E1A1C0554C962 /* RoomPlacement.swift */; };
		8CC5A6E694E7E63798777106 /* aria-red.jpg in Resources */ = {isa = PBXBuildFile; fileRef = FF8CC4938E4FEB8C56D0CF20 /* aria-red.jpg */; };
		8FC069A099ADB312115687EE /* RealityAtelier.swift in Sources */ = {isa = PBXBuildFile; fileRef = F0B10B0199550F2DC9B839A2 /* RealityAtelier.swift */; };
		8FCBD77FB5FBC3C00B8CE17A /* catalog.json in Resources */ = {isa = PBXBuildFile; fileRef = B84ADB80CC317232BF921570 /* catalog.json */; };
		91E66E3CEF0191412D36DC43 /* ChooseHelper.swift in Sources */ = {isa = PBXBuildFile; fileRef = 9A13434667EE01D075E390AA /* ChooseHelper.swift */; };
		9331D02F97215CADCBFC3871 /* RALPalette.swift in Sources */ = {isa = PBXBuildFile; fileRef = 293C35086983E07FB5BECC98 /* RALPalette.swift */; };
		949A4DFF154A134C3E367315 /* RoomPlacementTests.swift in Sources */ = {isa = PBXBuildFile; fileRef = C2B3995E14D30E24FDDFB60D /* RoomPlacementTests.swift */; };
		9DFECD395E16A807C5F7F7D6 /* opera-final-v2.png in Resources */ = {isa = PBXBuildFile; fileRef = F7D8C5E7B7199DC9F26EE9D0 /* opera-final-v2.png */; };
		9F12BE1700174BE037319AFC /* DesignerHome.swift in Sources */ = {isa = PBXBuildFile; fileRef = 1BAC5A124656A35A461B387B /* DesignerHome.swift */; };
		A6F6AD4F5F554684091311E1 /* CinemaReleaseTests.swift in Sources */ = {isa = PBXBuildFile; fileRef = 0B441EB9417092B4E01FDB9C /* CinemaReleaseTests.swift */; };
		A7D8C823650DD7790B0917A3 /* InsidePanels.swift in Sources */ = {isa = PBXBuildFile; fileRef = FD95755374BE98F79C16C503 /* InsidePanels.swift */; };
		A81D85D526685B827BFD87FA /* DesignerPassTests.swift in Sources */ = {isa = PBXBuildFile; fileRef = 1378F961C27F7E433530BB7C /* DesignerPassTests.swift */; };
		A8A3AAA247C5A742B2F740B7 /* Profile.swift in Sources */ = {isa = PBXBuildFile; fileRef = 06B24C2D0832EF8D141B750A /* Profile.swift */; };
		AC62A6C1BE86B01047A8D432 /* CollectionGallery.swift in Sources */ = {isa = PBXBuildFile; fileRef = 97971B66DFC9B7D96D9C8FFB /* CollectionGallery.swift */; };
		ADACB609C5431007F2257197 /* greca.jpg in Resources */ = {isa = PBXBuildFile; fileRef = 4942620F24A4D8F0728613FA /* greca.jpg */; };
		AE06F84BFCEFDF435DB48C5A /* AtelierMotion.swift in Sources */ = {isa = PBXBuildFile; fileRef = C95F3E9480AE77DF068F0814 /* AtelierMotion.swift */; };
		B05E098BB5A23A647FB95239 /* Aria-drawing.pdf in Resources */ = {isa = PBXBuildFile; fileRef = CEF9612034EAAC3B2E8AFDEE /* Aria-drawing.pdf */; };
		B0E3B2108E0D6230BD79EAA5 /* Catalog.swift in Sources */ = {isa = PBXBuildFile; fileRef = EEBE649A6A1619D469DD965A /* Catalog.swift */; };
		B5FD9ADCFDAAC468914F9F92 /* RealityAtelierScene.swift in Sources */ = {isa = PBXBuildFile; fileRef = CE36A7414A56B3C7827CC603 /* RealityAtelierScene.swift */; };
		C1E3CF871A14297CBBCB4D68 /* Home.swift in Sources */ = {isa = PBXBuildFile; fileRef = 227902BDF40ADF52F72D7B54 /* Home.swift */; };
		C2E29076FFEE9C1ED6B83AD5 /* ProjectStore.swift in Sources */ = {isa = PBXBuildFile; fileRef = A6A75AF1C04E69E9DDAC5B69 /* ProjectStore.swift */; };
		C919C35BF39AFCF7A2620366 /* FactoryScene.swift in Sources */ = {isa = PBXBuildFile; fileRef = 8533340A72EAF8A013360ECE /* FactoryScene.swift */; };
		C991E2B1CE8AC1BE35990203 /* salini-logo.png in Resources */ = {isa = PBXBuildFile; fileRef = A82AFE5054B9A5561CDAD645 /* salini-logo.png */; };
		CA65FB0F5DD7B7B32972987F /* ninfea-official.webp in Resources */ = {isa = PBXBuildFile; fileRef = 89B8733108E93D1F89BA90FA /* ninfea-official.webp */; };
		CAE010180EECCDB8C0D0F5EF /* greca-final-v2.png in Resources */ = {isa = PBXBuildFile; fileRef = 4BA8A93ECD667B0381991CBF /* greca-final-v2.png */; };
		D4F081D4382A5BE5549A09CF /* Support.swift in Sources */ = {isa = PBXBuildFile; fileRef = 4F92CDB3890A5C91EF0EAC1E /* Support.swift */; };
		DDE9235998F60E78C7E81591 /* ShippingAtelier.swift in Sources */ = {isa = PBXBuildFile; fileRef = 055566B28CC5912E72E0A949 /* ShippingAtelier.swift */; };
		E0004C970033EB673136243D /* luce.jpg in Resources */ = {isa = PBXBuildFile; fileRef = D91143AF411A90AC2958AC84 /* luce.jpg */; };
		E185DB2B761E0E4CA0A91399 /* ninfea-film-v4.mp4 in Resources */ = {isa = PBXBuildFile; fileRef = 0CDD0D02A2C9CFBA7229F19A /* ninfea-film-v4.mp4 */; };
		E1E655189020B47085668945 /* InsideInsight.swift in Sources */ = {isa = PBXBuildFile; fileRef = 6925D6ED72DF85405AB2642F /* InsideInsight.swift */; };
		E3870384C2CE964391CDB5E5 /* Design.swift in Sources */ = {isa = PBXBuildFile; fileRef = A3AB58D801AACAB3369DA9D5 /* Design.swift */; };
		E52C6B57271B598998C369C3 /* ShippingAtelierTests.swift in Sources */ = {isa = PBXBuildFile; fileRef = 3250D2DC9188A757B21D78F4 /* ShippingAtelierTests.swift */; };
		EB68953457CC07DFEC573A05 /* InsightAssets in Resources */ = {isa = PBXBuildFile; fileRef = D546A670C08A873DB3EF1008 /* InsightAssets */; };
		EB6F957A6FB1E9A3C963E2B4 /* greca-loop-v2.mp4 in Resources */ = {isa = PBXBuildFile; fileRef = 4BADDF95589735F1BA47AD6F /* greca-loop-v2.mp4 */; };
		ED57E656CAA402EE7A42A859 /* ProposalPDF.swift in Sources */ = {isa = PBXBuildFile; fileRef = 306929DD07FBFF39A6397AD6 /* ProposalPDF.swift */; };
		F0FB799DEC9C13A7C3DBAA4F /* opera-detail.jpg in Resources */ = {isa = PBXBuildFile; fileRef = 672B74F0BCED01A47E534CD1 /* opera-detail.jpg */; };
		F3AC1E02D92CBCC6DA9B30B5 /* studio_small_09_2k.hdr in Resources */ = {isa = PBXBuildFile; fileRef = D80E2E88706C9C8634614E62 /* studio_small_09_2k.hdr */; };
		F8C623113C63A0FB6739DD71 /* SaliniTests.swift in Sources */ = {isa = PBXBuildFile; fileRef = 0151CE5C734FB58E9B195E9D /* SaliniTests.swift */; };
		FAFE2D75CA1CAF51A39387B1 /* OwnerOperations.swift in Sources */ = {isa = PBXBuildFile; fileRef = E97669814B3D762675C197A2 /* OwnerOperations.swift */; };
		FF91B5E079F8E96BE30A4741 /* ninfea-final-v4.png in Resources */ = {isa = PBXBuildFile; fileRef = 70BE19ED88C0DFCA8C864D5A /* ninfea-final-v4.png */; };
/* End PBXBuildFile section */

/* Begin PBXContainerItemProxy section */
		1386704BBD505E18028761C0 /* PBXContainerItemProxy */ = {
			isa = PBXContainerItemProxy;
			containerPortal = 99B683EC994CD1AD8491DF32 /* Project object */;
			proxyType = 1;
			remoteGlobalIDString = 902AEBF3145C80E74D0B2645;
			remoteInfo = Salini;
		};
/* End PBXContainerItemProxy section */

/* Begin PBXFileReference section */
		0151CE5C734FB58E9B195E9D /* SaliniTests.swift */ = {isa = PBXFileReference; lastKnownFileType = sourcecode.swift; path = SaliniTests.swift; sourceTree = "<group>"; };
		055566B28CC5912E72E0A949 /* ShippingAtelier.swift */ = {isa = PBXFileReference; lastKnownFileType = sourcecode.swift; path = ShippingAtelier.swift; sourceTree = "<group>"; };
		06B24C2D0832EF8D141B750A /* Profile.swift */ = {isa = PBXFileReference; lastKnownFileType = sourcecode.swift; path = Profile.swift; sourceTree = "<group>"; };
		0B441EB9417092B4E01FDB9C /* CinemaReleaseTests.swift */ = {isa = PBXFileReference; lastKnownFileType = sourcecode.swift; path = CinemaReleaseTests.swift; sourceTree = "<group>"; };
		0CDD0D02A2C9CFBA7229F19A /* ninfea-film-v4.mp4 */ = {isa = PBXFileReference; path = "ninfea-film-v4.mp4"; sourceTree = "<group>"; };
		115177084A87D881A3F70994 /* MaterialStudio.swift */ = {isa = PBXFileReference; lastKnownFileType = sourcecode.swift; path = MaterialStudio.swift; sourceTree = "<group>"; };
		1378F961C27F7E433530BB7C /* DesignerPassTests.swift */ = {isa = PBXFileReference; lastKnownFileType = sourcecode.swift; path = DesignerPassTests.swift; sourceTree = "<group>"; };
		143757887A660060C31EEA9F /* InsightBoard.swift */ = {isa = PBXFileReference; lastKnownFileType = sourcecode.swift; path = InsightBoard.swift; sourceTree = "<group>"; };
		165524023E4E1A1C0554C962 /* RoomPlacement.swift */ = {isa = PBXFileReference; lastKnownFileType = sourcecode.swift; path = RoomPlacement.swift; sourceTree = "<group>"; };
		1BAC5A124656A35A461B387B /* DesignerHome.swift */ = {isa = PBXFileReference; lastKnownFileType = sourcecode.swift; path = DesignerHome.swift; sourceTree = "<group>"; };
		1BC98A5F99D057EA8E7B64E9 /* StudioLighting.swift */ = {isa = PBXFileReference; lastKnownFileType = sourcecode.swift; path = StudioLighting.swift; sourceTree = "<group>"; };
		1C21E6FCCD97876F706ADB2E /* Assets.xcassets */ = {isa = PBXFileReference; lastKnownFileType = folder.assetcatalog; path = Assets.xcassets; sourceTree = "<group>"; };
		200C0338C7066941F0D41381 /* stone.jpg */ = {isa = PBXFileReference; lastKnownFileType = image.jpeg; path = stone.jpg; sourceTree = "<group>"; };
		205C91FAD53CEC3928277F81 /* NinfeaCinema.swift */ = {isa = PBXFileReference; lastKnownFileType = sourcecode.swift; path = NinfeaCinema.swift; sourceTree = "<group>"; };
		227902BDF40ADF52F72D7B54 /* Home.swift */ = {isa = PBXFileReference; lastKnownFileType = sourcecode.swift; path = Home.swift; sourceTree = "<group>"; };
		293C35086983E07FB5BECC98 /* RALPalette.swift */ = {isa = PBXFileReference; lastKnownFileType = sourcecode.swift; path = RALPalette.swift; sourceTree = "<group>"; };
		306929DD07FBFF39A6397AD6 /* ProposalPDF.swift */ = {isa = PBXFileReference; lastKnownFileType = sourcecode.swift; path = ProposalPDF.swift; sourceTree = "<group>"; };
		319851BB55623979FE40C513 /* Projects.swift */ = {isa = PBXFileReference; lastKnownFileType = sourcecode.swift; path = Projects.swift; sourceTree = "<group>"; };
		3250D2DC9188A757B21D78F4 /* ShippingAtelierTests.swift */ = {isa = PBXFileReference; lastKnownFileType = sourcecode.swift; path = ShippingAtelierTests.swift; sourceTree = "<group>"; };
		3776267C1F0DB827DBEBB68A /* interior.jpg */ = {isa = PBXFileReference; lastKnownFileType = image.jpeg; path = interior.jpg; sourceTree = "<group>"; };
		48423E5D41CA9E73283426A6 /* opera-loop-v2.mp4 */ = {isa = PBXFileReference; path = "opera-loop-v2.mp4"; sourceTree = "<group>"; };
		4942620F24A4D8F0728613FA /* greca.jpg */ = {isa = PBXFileReference; lastKnownFileType = image.jpeg; path = greca.jpg; sourceTree = "<group>"; };
		4BA8A93ECD667B0381991CBF /* greca-final-v2.png */ = {isa = PBXFileReference; lastKnownFileType = image.png; path = "greca-final-v2.png"; sourceTree = "<group>"; };
		4BADDF95589735F1BA47AD6F /* greca-loop-v2.mp4 */ = {isa = PBXFileReference; path = "greca-loop-v2.mp4"; sourceTree = "<group>"; };
		4F92CDB3890A5C91EF0EAC1E /* Support.swift */ = {isa = PBXFileReference; lastKnownFileType = sourcecode.swift; path = Support.swift; sourceTree = "<group>"; };
		50BF4C1CE6C2E47285FA6084 /* App.swift */ = {isa = PBXFileReference; lastKnownFileType = sourcecode.swift; path = App.swift; sourceTree = "<group>"; };
		510C09A66229FFCE5421E897 /* greca-start-v2.png */ = {isa = PBXFileReference; lastKnownFileType = image.png; path = "greca-start-v2.png"; sourceTree = "<group>"; };
		556DF6C62E8A3AFA814A6C4A /* aria-final-v2.png */ = {isa = PBXFileReference; lastKnownFileType = image.png; path = "aria-final-v2.png"; sourceTree = "<group>"; };
		558AD04625AB6CC5577EDA54 /* third-party-notices.txt */ = {isa = PBXFileReference; lastKnownFileType = text; path = "third-party-notices.txt"; sourceTree = "<group>"; };
		5D878A25861675F23D4E46E4 /* opera-film-v2.mp4 */ = {isa = PBXFileReference; path = "opera-film-v2.mp4"; sourceTree = "<group>"; };
		632403708ED41F88A65A300E /* CampusOverview.swift */ = {isa = PBXFileReference; lastKnownFileType = sourcecode.swift; path = CampusOverview.swift; sourceTree = "<group>"; };
		672B74F0BCED01A47E534CD1 /* opera-detail.jpg */ = {isa = PBXFileReference; lastKnownFileType = image.jpeg; path = "opera-detail.jpg"; sourceTree = "<group>"; };
		6925D6ED72DF85405AB2642F /* InsideInsight.swift */ = {isa = PBXFileReference; lastKnownFileType = sourcecode.swift; path = InsideInsight.swift; sourceTree = "<group>"; };
		6BA0B29DA6DFE995EEE16827 /* aria-film-v2.mp4 */ = {isa = PBXFileReference; path = "aria-film-v2.mp4"; sourceTree = "<group>"; };
		6C53D942770B336103058500 /* opera-top.jpg */ = {isa = PBXFileReference; lastKnownFileType = image.jpeg; path = "opera-top.jpg"; sourceTree = "<group>"; };
		6F6B7A5907C06DA5AB8A11EA /* ninfea-loop-v4.mp4 */ = {isa = PBXFileReference; path = "ninfea-loop-v4.mp4"; sourceTree = "<group>"; };
		70BE19ED88C0DFCA8C864D5A /* ninfea-final-v4.png */ = {isa = PBXFileReference; lastKnownFileType = image.png; path = "ninfea-final-v4.png"; sourceTree = "<group>"; };
		71A0945E0526B6B9D34EAD27 /* salini-logo.svg */ = {isa = PBXFileReference; path = "salini-logo.svg"; sourceTree = "<group>"; };
		771E47E08A7C1F8871AA3C03 /* greca-film-v2.mp4 */ = {isa = PBXFileReference; path = "greca-film-v2.mp4"; sourceTree = "<group>"; };
		7BAB34199B15CE6E53C954A2 /* Info.plist */ = {isa = PBXFileReference; lastKnownFileType = text.plist; path = Info.plist; sourceTree = "<group>"; };
		7D76CF44BE1C147E96251FD6 /* SaliniTests.xctest */ = {isa = PBXFileReference; includeInIndex = 0; lastKnownFileType = wrapper.cfbundle; path = SaliniTests.xctest; sourceTree = BUILT_PRODUCTS_DIR; };
		80A7C41726D2086E623F4A8A /* ShippingAtelierScene.swift */ = {isa = PBXFileReference; lastKnownFileType = sourcecode.swift; path = ShippingAtelierScene.swift; sourceTree = "<group>"; };
		8533340A72EAF8A013360ECE /* FactoryScene.swift */ = {isa = PBXFileReference; lastKnownFileType = sourcecode.swift; path = FactoryScene.swift; sourceTree = "<group>"; };
		86060A8E4C8C1CE7787D5D95 /* aria-start-v2.png */ = {isa = PBXFileReference; lastKnownFileType = image.png; path = "aria-start-v2.png"; sourceTree = "<group>"; };
		89B8733108E93D1F89BA90FA /* ninfea-official.webp */ = {isa = PBXFileReference; path = "ninfea-official.webp"; sourceTree = "<group>"; };
		8B26B8F45807277463ABB395 /* CampusModel.swift */ = {isa = PBXFileReference; lastKnownFileType = sourcecode.swift; path = CampusModel.swift; sourceTree = "<group>"; };
		8B4382FB29F72EE1715DC2FF /* Salini.app */ = {isa = PBXFileReference; includeInIndex = 0; lastKnownFileType = wrapper.application; path = Salini.app; sourceTree = BUILT_PRODUCTS_DIR; };
		8B9E9451C86A79C46812A25D /* opera.jpg */ = {isa = PBXFileReference; lastKnownFileType = image.jpeg; path = opera.jpg; sourceTree = "<group>"; };
		91874D6C11CB47206527617E /* greca-editorial.jpg */ = {isa = PBXFileReference; lastKnownFileType = image.jpeg; path = "greca-editorial.jpg"; sourceTree = "<group>"; };
		922ABBCE95E286DB90AA532E /* Greca.usdz */ = {isa = PBXFileReference; lastKnownFileType = file.usdz; path = Greca.usdz; sourceTree = "<group>"; };
		9455A5104B42AB58A498F29C /* Owner.swift */ = {isa = PBXFileReference; lastKnownFileType = sourcecode.swift; path = Owner.swift; sourceTree = "<group>"; };
		97971B66DFC9B7D96D9C8FFB /* CollectionGallery.swift */ = {isa = PBXFileReference; lastKnownFileType = sourcecode.swift; path = CollectionGallery.swift; sourceTree = "<group>"; };
		9A13434667EE01D075E390AA /* ChooseHelper.swift */ = {isa = PBXFileReference; lastKnownFileType = sourcecode.swift; path = ChooseHelper.swift; sourceTree = "<group>"; };
		A177BC09A63FBF19E80DCF74 /* oriente.jpg */ = {isa = PBXFileReference; lastKnownFileType = image.jpeg; path = oriente.jpg; sourceTree = "<group>"; };
		A3AB58D801AACAB3369DA9D5 /* Design.swift */ = {isa = PBXFileReference; lastKnownFileType = sourcecode.swift; path = Design.swift; sourceTree = "<group>"; };
		A3AD3AD462395F7627F0F9ED /* aria.jpg */ = {isa = PBXFileReference; lastKnownFileType = image.jpeg; path = aria.jpg; sourceTree = "<group>"; };
		A57996FF6A4B9A58C4F8C45E /* InsideVisuals.swift */ = {isa = PBXFileReference; lastKnownFileType = sourcecode.swift; path = InsideVisuals.swift; sourceTree = "<group>"; };
		A6A75AF1C04E69E9DDAC5B69 /* ProjectStore.swift */ = {isa = PBXFileReference; lastKnownFileType = sourcecode.swift; path = ProjectStore.swift; sourceTree = "<group>"; };
		A82AFE5054B9A5561CDAD645 /* salini-logo.png */ = {isa = PBXFileReference; lastKnownFileType = image.png; path = "salini-logo.png"; sourceTree = "<group>"; };
		AAF170DB4D3D010ACD2B57ED /* opera-start-v2.png */ = {isa = PBXFileReference; lastKnownFileType = image.png; path = "opera-start-v2.png"; sourceTree = "<group>"; };
		B002A96E28C44197F2418A95 /* PrivacyInfo.xcprivacy */ = {isa = PBXFileReference; path = PrivacyInfo.xcprivacy; sourceTree = "<group>"; };
		B84ADB80CC317232BF921570 /* catalog.json */ = {isa = PBXFileReference; lastKnownFileType = text.json; path = catalog.json; sourceTree = "<group>"; };
		C2B3995E14D30E24FDDFB60D /* RoomPlacementTests.swift */ = {isa = PBXFileReference; lastKnownFileType = sourcecode.swift; path = RoomPlacementTests.swift; sourceTree = "<group>"; };
		C95F3E9480AE77DF068F0814 /* AtelierMotion.swift */ = {isa = PBXFileReference; lastKnownFileType = sourcecode.swift; path = AtelierMotion.swift; sourceTree = "<group>"; };
		CBE7AB302AA433C80A3F4A14 /* MaterialStudioScene.swift */ = {isa = PBXFileReference; lastKnownFileType = sourcecode.swift; path = MaterialStudioScene.swift; sourceTree = "<group>"; };
		CC1EBD781C5BE290AC553C42 /* RealityAtelierTests.swift */ = {isa = PBXFileReference; lastKnownFileType = sourcecode.swift; path = RealityAtelierTests.swift; sourceTree = "<group>"; };
		CE36A7414A56B3C7827CC603 /* RealityAtelierScene.swift */ = {isa = PBXFileReference; lastKnownFileType = sourcecode.swift; path = RealityAtelierScene.swift; sourceTree = "<group>"; };
		CEF9612034EAAC3B2E8AFDEE /* Aria-drawing.pdf */ = {isa = PBXFileReference; lastKnownFileType = image.pdf; path = "Aria-drawing.pdf"; sourceTree = "<group>"; };
		D219A42F0F11722004A9ED1B /* RoomPlacementModel.swift */ = {isa = PBXFileReference; lastKnownFileType = sourcecode.swift; path = RoomPlacementModel.swift; sourceTree = "<group>"; };
		D4BD1EE31F7C199D6DAD475C /* NinfeaStory.swift */ = {isa = PBXFileReference; lastKnownFileType = sourcecode.swift; path = NinfeaStory.swift; sourceTree = "<group>"; };
		D546A670C08A873DB3EF1008 /* InsightAssets */ = {isa = PBXFileReference; lastKnownFileType = folder; name = InsightAssets; path = Salini/InsightAssets; sourceTree = SOURCE_ROOT; };
		D80E2E88706C9C8634614E62 /* studio_small_09_2k.hdr */ = {isa = PBXFileReference; path = studio_small_09_2k.hdr; sourceTree = "<group>"; };
		D855C3BB253AC297C2A5282C /* CatalogMedia */ = {isa = PBXFileReference; lastKnownFileType = folder; name = CatalogMedia; path = Salini/CatalogMedia; sourceTree = SOURCE_ROOT; };
		D857B43F6F8433444EA53ADE /* production.jpg */ = {isa = PBXFileReference; lastKnownFileType = image.jpeg; path = production.jpg; sourceTree = "<group>"; };
		D91143AF411A90AC2958AC84 /* luce.jpg */ = {isa = PBXFileReference; lastKnownFileType = image.jpeg; path = luce.jpg; sourceTree = "<group>"; };
		DC46B7DC8500987396D0C75D /* ObjectViewer.swift */ = {isa = PBXFileReference; lastKnownFileType = sourcecode.swift; path = ObjectViewer.swift; sourceTree = "<group>"; };
		E2905E231303FD10F6D8A870 /* ninfea-start-v4.png */ = {isa = PBXFileReference; lastKnownFileType = image.png; path = "ninfea-start-v4.png"; sourceTree = "<group>"; };
		E4FAF20A36EDC10E0096E5FE /* InsideOperationsTests.swift */ = {isa = PBXFileReference; lastKnownFileType = sourcecode.swift; path = InsideOperationsTests.swift; sourceTree = "<group>"; };
		E72B0B9A2065ECA016C9E530 /* aria-loop-v2.mp4 */ = {isa = PBXFileReference; path = "aria-loop-v2.mp4"; sourceTree = "<group>"; };
		E97669814B3D762675C197A2 /* OwnerOperations.swift */ = {isa = PBXFileReference; lastKnownFileType = sourcecode.swift; path = OwnerOperations.swift; sourceTree = "<group>"; };
		EEBE649A6A1619D469DD965A /* Catalog.swift */ = {isa = PBXFileReference; lastKnownFileType = sourcecode.swift; path = Catalog.swift; sourceTree = "<group>"; };
		F0B10B0199550F2DC9B839A2 /* RealityAtelier.swift */ = {isa = PBXFileReference; lastKnownFileType = sourcecode.swift; path = RealityAtelier.swift; sourceTree = "<group>"; };
		F35174F3897EDA5D14359707 /* CatalogData.swift */ = {isa = PBXFileReference; lastKnownFileType = sourcecode.swift; path = CatalogData.swift; sourceTree = "<group>"; };
		F7D8C5E7B7199DC9F26EE9D0 /* opera-final-v2.png */ = {isa = PBXFileReference; lastKnownFileType = image.png; path = "opera-final-v2.png"; sourceTree = "<group>"; };
		FA83A08C7BD246CAD8B10652 /* Workspaces.swift */ = {isa = PBXFileReference; lastKnownFileType = sourcecode.swift; path = Workspaces.swift; sourceTree = "<group>"; };
		FD95755374BE98F79C16C503 /* InsidePanels.swift */ = {isa = PBXFileReference; lastKnownFileType = sourcecode.swift; path = InsidePanels.swift; sourceTree = "<group>"; };
		FF8CC4938E4FEB8C56D0CF20 /* aria-red.jpg */ = {isa = PBXFileReference; lastKnownFileType = image.jpeg; path = "aria-red.jpg"; sourceTree = "<group>"; };
/* End PBXFileReference section */

/* Begin PBXGroup section */
		473248DAA580B315D4118726 = {
			isa = PBXGroup;
			children = (
				D855C3BB253AC297C2A5282C /* CatalogMedia */,
				D546A670C08A873DB3EF1008 /* InsightAssets */,
				C9DB1B2197F72D1B205509B6 /* Salini */,
				644F17B23856E7F2B4AFAFC2 /* SaliniTests */,
				AE383CBAEB7988EDD8856BEF /* Products */,
			);
			sourceTree = "<group>";
		};
		644F17B23856E7F2B4AFAFC2 /* SaliniTests */ = {
			isa = PBXGroup;
			children = (
				0B441EB9417092B4E01FDB9C /* CinemaReleaseTests.swift */,
				1378F961C27F7E433530BB7C /* DesignerPassTests.swift */,
				E4FAF20A36EDC10E0096E5FE /* InsideOperationsTests.swift */,
				CC1EBD781C5BE290AC553C42 /* RealityAtelierTests.swift */,
				C2B3995E14D30E24FDDFB60D /* RoomPlacementTests.swift */,
				0151CE5C734FB58E9B195E9D /* SaliniTests.swift */,
				3250D2DC9188A757B21D78F4 /* ShippingAtelierTests.swift */,
			);
			path = SaliniTests;
			sourceTree = "<group>";
		};
		AE383CBAEB7988EDD8856BEF /* Products */ = {
			isa = PBXGroup;
			children = (
				8B4382FB29F72EE1715DC2FF /* Salini.app */,
				7D76CF44BE1C147E96251FD6 /* SaliniTests.xctest */,
			);
			name = Products;
			sourceTree = "<group>";
		};
		C4DF24F3466449F744DDB0B7 /* Resources */ = {
			isa = PBXGroup;
			children = (
				CEF9612034EAAC3B2E8AFDEE /* Aria-drawing.pdf */,
				6BA0B29DA6DFE995EEE16827 /* aria-film-v2.mp4 */,
				556DF6C62E8A3AFA814A6C4A /* aria-final-v2.png */,
				E72B0B9A2065ECA016C9E530 /* aria-loop-v2.mp4 */,
				FF8CC4938E4FEB8C56D0CF20 /* aria-red.jpg */,
				86060A8E4C8C1CE7787D5D95 /* aria-start-v2.png */,
				A3AD3AD462395F7627F0F9ED /* aria.jpg */,
				B84ADB80CC317232BF921570 /* catalog.json */,
				91874D6C11CB47206527617E /* greca-editorial.jpg */,
				771E47E08A7C1F8871AA3C03 /* greca-film-v2.mp4 */,
				4BA8A93ECD667B0381991CBF /* greca-final-v2.png */,
				4BADDF95589735F1BA47AD6F /* greca-loop-v2.mp4 */,
				510C09A66229FFCE5421E897 /* greca-start-v2.png */,
				4942620F24A4D8F0728613FA /* greca.jpg */,
				922ABBCE95E286DB90AA532E /* Greca.usdz */,
				3776267C1F0DB827DBEBB68A /* interior.jpg */,
				D91143AF411A90AC2958AC84 /* luce.jpg */,
				0CDD0D02A2C9CFBA7229F19A /* ninfea-film-v4.mp4 */,
				70BE19ED88C0DFCA8C864D5A /* ninfea-final-v4.png */,
				6F6B7A5907C06DA5AB8A11EA /* ninfea-loop-v4.mp4 */,
				89B8733108E93D1F89BA90FA /* ninfea-official.webp */,
				E2905E231303FD10F6D8A870 /* ninfea-start-v4.png */,
				672B74F0BCED01A47E534CD1 /* opera-detail.jpg */,
				5D878A25861675F23D4E46E4 /* opera-film-v2.mp4 */,
				F7D8C5E7B7199DC9F26EE9D0 /* opera-final-v2.png */,
				48423E5D41CA9E73283426A6 /* opera-loop-v2.mp4 */,
				AAF170DB4D3D010ACD2B57ED /* opera-start-v2.png */,
				6C53D942770B336103058500 /* opera-top.jpg */,
				8B9E9451C86A79C46812A25D /* opera.jpg */,
				A177BC09A63FBF19E80DCF74 /* oriente.jpg */,
				D857B43F6F8433444EA53ADE /* production.jpg */,
				A82AFE5054B9A5561CDAD645 /* salini-logo.png */,
				71A0945E0526B6B9D34EAD27 /* salini-logo.svg */,
				200C0338C7066941F0D41381 /* stone.jpg */,
				D80E2E88706C9C8634614E62 /* studio_small_09_2k.hdr */,
				558AD04625AB6CC5577EDA54 /* third-party-notices.txt */,
			);
			path = Resources;
			sourceTree = "<group>";
		};
		C9DB1B2197F72D1B205509B6 /* Salini */ = {
			isa = PBXGroup;
			children = (
				50BF4C1CE6C2E47285FA6084 /* App.swift */,
				1C21E6FCCD97876F706ADB2E /* Assets.xcassets */,
				C95F3E9480AE77DF068F0814 /* AtelierMotion.swift */,
				8B26B8F45807277463ABB395 /* CampusModel.swift */,
				632403708ED41F88A65A300E /* CampusOverview.swift */,
				EEBE649A6A1619D469DD965A /* Catalog.swift */,
				F35174F3897EDA5D14359707 /* CatalogData.swift */,
				9A13434667EE01D075E390AA /* ChooseHelper.swift */,
				97971B66DFC9B7D96D9C8FFB /* CollectionGallery.swift */,
				A3AB58D801AACAB3369DA9D5 /* Design.swift */,
				1BAC5A124656A35A461B387B /* DesignerHome.swift */,
				8533340A72EAF8A013360ECE /* FactoryScene.swift */,
				227902BDF40ADF52F72D7B54 /* Home.swift */,
				7BAB34199B15CE6E53C954A2 /* Info.plist */,
				6925D6ED72DF85405AB2642F /* InsideInsight.swift */,
				FD95755374BE98F79C16C503 /* InsidePanels.swift */,
				A57996FF6A4B9A58C4F8C45E /* InsideVisuals.swift */,
				143757887A660060C31EEA9F /* InsightBoard.swift */,
				115177084A87D881A3F70994 /* MaterialStudio.swift */,
				CBE7AB302AA433C80A3F4A14 /* MaterialStudioScene.swift */,
				205C91FAD53CEC3928277F81 /* NinfeaCinema.swift */,
				D4BD1EE31F7C199D6DAD475C /* NinfeaStory.swift */,
				DC46B7DC8500987396D0C75D /* ObjectViewer.swift */,
				9455A5104B42AB58A498F29C /* Owner.swift */,
				E97669814B3D762675C197A2 /* OwnerOperations.swift */,
				B002A96E28C44197F2418A95 /* PrivacyInfo.xcprivacy */,
				06B24C2D0832EF8D141B750A /* Profile.swift */,
				319851BB55623979FE40C513 /* Projects.swift */,
				A6A75AF1C04E69E9DDAC5B69 /* ProjectStore.swift */,
				306929DD07FBFF39A6397AD6 /* ProposalPDF.swift */,
				293C35086983E07FB5BECC98 /* RALPalette.swift */,
				F0B10B0199550F2DC9B839A2 /* RealityAtelier.swift */,
				CE36A7414A56B3C7827CC603 /* RealityAtelierScene.swift */,
				165524023E4E1A1C0554C962 /* RoomPlacement.swift */,
				D219A42F0F11722004A9ED1B /* RoomPlacementModel.swift */,
				055566B28CC5912E72E0A949 /* ShippingAtelier.swift */,
				80A7C41726D2086E623F4A8A /* ShippingAtelierScene.swift */,
				1BC98A5F99D057EA8E7B64E9 /* StudioLighting.swift */,
				4F92CDB3890A5C91EF0EAC1E /* Support.swift */,
				FA83A08C7BD246CAD8B10652 /* Workspaces.swift */,
				C4DF24F3466449F744DDB0B7 /* Resources */,
			);
			path = Salini;
			sourceTree = "<group>";
		};
/* End PBXGroup section */

/* Begin PBXNativeTarget section */
		902AEBF3145C80E74D0B2645 /* Salini */ = {
			isa = PBXNativeTarget;
			buildConfigurationList = 588542FB38A05B9A4FE1E160 /* Build configuration list for PBXNativeTarget "Salini" */;
			buildPhases = (
				CD4BD80E7117CF9FBF91241C /* Sources */,
				894A00D2A58890AD3EADC174 /* Resources */,
			);
			buildRules = (
			);
			dependencies = (
			);
			name = Salini;
			packageProductDependencies = (
			);
			productName = Salini;
			productReference = 8B4382FB29F72EE1715DC2FF /* Salini.app */;
			productType = "com.apple.product-type.application";
		};
		F6FCEE7A15B1C12B284CE6FC /* SaliniTests */ = {
			isa = PBXNativeTarget;
			buildConfigurationList = E600D607A2B7A56DDD87D064 /* Build configuration list for PBXNativeTarget "SaliniTests" */;
			buildPhases = (
				5E72067C3F4CCE268C3486E0 /* Sources */,
			);
			buildRules = (
			);
			dependencies = (
				9F06E62A3B009FC55D922001 /* PBXTargetDependency */,
			);
			name = SaliniTests;
			packageProductDependencies = (
			);
			productName = SaliniTests;
			productReference = 7D76CF44BE1C147E96251FD6 /* SaliniTests.xctest */;
			productType = "com.apple.product-type.bundle.unit-test";
		};
/* End PBXNativeTarget section */

/* Begin PBXProject section */
		99B683EC994CD1AD8491DF32 /* Project object */ = {
			isa = PBXProject;
			attributes = {
				BuildIndependentTargetsInParallel = YES;
				LastUpgradeCheck = 1430;
				TargetAttributes = {
					902AEBF3145C80E74D0B2645 = {
						DevelopmentTeam = TQ5SCF3KQZ;
						ProvisioningStyle = Automatic;
					};
				};
			};
			buildConfigurationList = B4F98E5A60BFB360489BFE7C /* Build configuration list for PBXProject "Salini" */;
			developmentRegion = en;
			hasScannedForEncodings = 0;
			knownRegions = (
				Base,
				en,
			);
			mainGroup = 473248DAA580B315D4118726;
			minimizedProjectReferenceProxies = 1;
			preferredProjectObjectVersion = 77;
			productRefGroup = AE383CBAEB7988EDD8856BEF /* Products */;
			projectDirPath = "";
			projectRoot = "";
			targets = (
				902AEBF3145C80E74D0B2645 /* Salini */,
				F6FCEE7A15B1C12B284CE6FC /* SaliniTests */,
			);
		};
/* End PBXProject section */

/* Begin PBXResourcesBuildPhase section */
		894A00D2A58890AD3EADC174 /* Resources */ = {
			isa = PBXResourcesBuildPhase;
			buildActionMask = 2147483647;
			files = (
				B05E098BB5A23A647FB95239 /* Aria-drawing.pdf in Resources */,
				655CB7EC2997AD545FD46A7B /* Assets.xcassets in Resources */,
				6765ADB5BB3496297E24A6DD /* CatalogMedia in Resources */,
				0C3BB687CDA086420032F89A /* Greca.usdz in Resources */,
				EB68953457CC07DFEC573A05 /* InsightAssets in Resources */,
				3B13E9E2C9CA77013FD0D3B2 /* PrivacyInfo.xcprivacy in Resources */,
				00D4CCC164CF71C8E9110F01 /* aria-film-v2.mp4 in Resources */,
				3E32DB8956BECA97C7E26844 /* aria-final-v2.png in Resources */,
				1C50403690C3AF89F09F7A46 /* aria-loop-v2.mp4 in Resources */,
				8CC5A6E694E7E63798777106 /* aria-red.jpg in Resources */,
				7328FB5F704F0862758A8C60 /* aria-start-v2.png in Resources */,
				56B48C7F86569A1C65D45047 /* aria.jpg in Resources */,
				8FCBD77FB5FBC3C00B8CE17A /* catalog.json in Resources */,
				52865D44CB6F34BBD75EA0C3 /* greca-editorial.jpg in Resources */,
				43297445D9CFC33B635AA854 /* greca-film-v2.mp4 in Resources */,
				CAE010180EECCDB8C0D0F5EF /* greca-final-v2.png in Resources */,
				EB6F957A6FB1E9A3C963E2B4 /* greca-loop-v2.mp4 in Resources */,
				36BD7EC1CE189D4E6B9F0938 /* greca-start-v2.png in Resources */,
				ADACB609C5431007F2257197 /* greca.jpg in Resources */,
				50A02DC7410C6D6D3381B045 /* interior.jpg in Resources */,
				E0004C970033EB673136243D /* luce.jpg in Resources */,
				E185DB2B761E0E4CA0A91399 /* ninfea-film-v4.mp4 in Resources */,
				FF91B5E079F8E96BE30A4741 /* ninfea-final-v4.png in Resources */,
				76E6ED526183219048F0C37B /* ninfea-loop-v4.mp4 in Resources */,
				CA65FB0F5DD7B7B32972987F /* ninfea-official.webp in Resources */,
				7D17699D63DFED89A183F7A0 /* ninfea-start-v4.png in Resources */,
				F0FB799DEC9C13A7C3DBAA4F /* opera-detail.jpg in Resources */,
				7766A9590CE8F89D59882203 /* opera-film-v2.mp4 in Resources */,
				9DFECD395E16A807C5F7F7D6 /* opera-final-v2.png in Resources */,
				23F2E2778398E4ABF93B8737 /* opera-loop-v2.mp4 in Resources */,
				81634AAE6E395D21A11163B0 /* opera-start-v2.png in Resources */,
				664F09813FAF7AEA8DA33A77 /* opera-top.jpg in Resources */,
				3B48D5B64C2CCE5E33479486 /* opera.jpg in Resources */,
				5A04D150B5857BBA96742663 /* oriente.jpg in Resources */,
				1E422D8F743225E5DC1C6C4B /* production.jpg in Resources */,
				C991E2B1CE8AC1BE35990203 /* salini-logo.png in Resources */,
				865AFC3CCA56E15332577F41 /* salini-logo.svg in Resources */,
				2E61A4C6273A18A65C3B1151 /* stone.jpg in Resources */,
				F3AC1E02D92CBCC6DA9B30B5 /* studio_small_09_2k.hdr in Resources */,
				5695363E9109B786A3732E98 /* third-party-notices.txt in Resources */,
			);
			runOnlyForDeploymentPostprocessing = 0;
		};
/* End PBXResourcesBuildPhase section */

/* Begin PBXSourcesBuildPhase section */
		5E72067C3F4CCE268C3486E0 /* Sources */ = {
			isa = PBXSourcesBuildPhase;
			buildActionMask = 2147483647;
			files = (
				A6F6AD4F5F554684091311E1 /* CinemaReleaseTests.swift in Sources */,
				A81D85D526685B827BFD87FA /* DesignerPassTests.swift in Sources */,
				6A5FFEFDCD82D51ECE33C0B1 /* InsideOperationsTests.swift in Sources */,
				3CB03EA0EBD37421E707494E /* RealityAtelierTests.swift in Sources */,
				949A4DFF154A134C3E367315 /* RoomPlacementTests.swift in Sources */,
				F8C623113C63A0FB6739DD71 /* SaliniTests.swift in Sources */,
				E52C6B57271B598998C369C3 /* ShippingAtelierTests.swift in Sources */,
			);
			runOnlyForDeploymentPostprocessing = 0;
		};
		CD4BD80E7117CF9FBF91241C /* Sources */ = {
			isa = PBXSourcesBuildPhase;
			buildActionMask = 2147483647;
			files = (
				36D45DA9DCA6EE81DFF950EB /* App.swift in Sources */,
				AE06F84BFCEFDF435DB48C5A /* AtelierMotion.swift in Sources */,
				74EC55457697AA14155F9A3A /* CampusModel.swift in Sources */,
				821FA71B237BBCDDCF147CA7 /* CampusOverview.swift in Sources */,
				B0E3B2108E0D6230BD79EAA5 /* Catalog.swift in Sources */,
				556031AFBC01ED618E9F0D68 /* CatalogData.swift in Sources */,
				91E66E3CEF0191412D36DC43 /* ChooseHelper.swift in Sources */,
				AC62A6C1BE86B01047A8D432 /* CollectionGallery.swift in Sources */,
				E3870384C2CE964391CDB5E5 /* Design.swift in Sources */,
				9F12BE1700174BE037319AFC /* DesignerHome.swift in Sources */,
				C919C35BF39AFCF7A2620366 /* FactoryScene.swift in Sources */,
				C1E3CF871A14297CBBCB4D68 /* Home.swift in Sources */,
				E1E655189020B47085668945 /* InsideInsight.swift in Sources */,
				A7D8C823650DD7790B0917A3 /* InsidePanels.swift in Sources */,
				622429E388CF81F64A0BEF38 /* InsideVisuals.swift in Sources */,
				5807328559EB0FCB68D52279 /* InsightBoard.swift in Sources */,
				34D8442BABB4641EBEA5BB0C /* MaterialStudio.swift in Sources */,
				6BA100206BD88C0C97502BDE /* MaterialStudioScene.swift in Sources */,
				01C959B14340E03E7D4D41B2 /* NinfeaCinema.swift in Sources */,
				1A25BEA4CEBD7F396CEDDA60 /* NinfeaStory.swift in Sources */,
				073AB33A6033AC73D703E608 /* ObjectViewer.swift in Sources */,
				70405BBE76779F4C563F7B32 /* Owner.swift in Sources */,
				FAFE2D75CA1CAF51A39387B1 /* OwnerOperations.swift in Sources */,
				A8A3AAA247C5A742B2F740B7 /* Profile.swift in Sources */,
				C2E29076FFEE9C1ED6B83AD5 /* ProjectStore.swift in Sources */,
				1F8FF3ED9FDF09276E732A12 /* Projects.swift in Sources */,
				ED57E656CAA402EE7A42A859 /* ProposalPDF.swift in Sources */,
				9331D02F97215CADCBFC3871 /* RALPalette.swift in Sources */,
				8FC069A099ADB312115687EE /* RealityAtelier.swift in Sources */,
				B5FD9ADCFDAAC468914F9F92 /* RealityAtelierScene.swift in Sources */,
				8BC38A8738DEDBFFA383B4AF /* RoomPlacement.swift in Sources */,
				117E058D6341136DAB82EF6D /* RoomPlacementModel.swift in Sources */,
				DDE9235998F60E78C7E81591 /* ShippingAtelier.swift in Sources */,
				3A923864B299F30FCCB37D58 /* ShippingAtelierScene.swift in Sources */,
				6BC074B032EB288957F741A9 /* StudioLighting.swift in Sources */,
				D4F081D4382A5BE5549A09CF /* Support.swift in Sources */,
				6EC6836266FA7B8BAFDD4FF2 /* Workspaces.swift in Sources */,
			);
			runOnlyForDeploymentPostprocessing = 0;
		};
/* End PBXSourcesBuildPhase section */

/* Begin PBXTargetDependency section */
		9F06E62A3B009FC55D922001 /* PBXTargetDependency */ = {
			isa = PBXTargetDependency;
			target = 902AEBF3145C80E74D0B2645 /* Salini */;
			targetProxy = 1386704BBD505E18028761C0 /* PBXContainerItemProxy */;
		};
/* End PBXTargetDependency section */

/* Begin XCBuildConfiguration section */
		2BAAD86241FC545A0B0F5A06 /* Release */ = {
			isa = XCBuildConfiguration;
			buildSettings = {
				ASSETCATALOG_COMPILER_APPICON_NAME = AppIcon;
				CODE_SIGN_IDENTITY = "iPhone Developer";
				CODE_SIGN_STYLE = Automatic;
				CURRENT_PROJECT_VERSION = 11;
				DEVELOPMENT_TEAM = TQ5SCF3KQZ;
				GENERATE_INFOPLIST_FILE = YES;
				INFOPLIST_FILE = Salini/Info.plist;
				INFOPLIST_KEY_CFBundleDisplayName = Salini;
				INFOPLIST_KEY_ITSAppUsesNonExemptEncryption = NO;
				INFOPLIST_KEY_UIApplicationSceneManifest_Generation = NO;
				INFOPLIST_KEY_UILaunchScreen_Generation = YES;
				INFOPLIST_KEY_UIStatusBarStyle = UIStatusBarStyleDefault;
				LD_RUNPATH_SEARCH_PATHS = (
					"$(inherited)",
					"@executable_path/Frameworks",
				);
				MARKETING_VERSION = 1.0;
				PRODUCT_BUNDLE_IDENTIFIER = design.salini.experience;
				SDKROOT = iphoneos;
				TARGETED_DEVICE_FAMILY = "1,2";
			};
			name = Release;
		};
		34B515F47510DDAF3D34A025 /* Debug */ = {
			isa = XCBuildConfiguration;
			buildSettings = {
				BUNDLE_LOADER = "$(TEST_HOST)";
				GENERATE_INFOPLIST_FILE = YES;
				LD_RUNPATH_SEARCH_PATHS = (
					"$(inherited)",
					"@executable_path/Frameworks",
					"@loader_path/Frameworks",
				);
				PRODUCT_BUNDLE_IDENTIFIER = design.salini.SaliniTests;
				SDKROOT = iphoneos;
				TARGETED_DEVICE_FAMILY = "1,2";
				TEST_HOST = "$(BUILT_PRODUCTS_DIR)/Salini.app/Salini";
			};
			name = Debug;
		};
		47C9768F4A2DCE36FD3045E8 /* Release */ = {
			isa = XCBuildConfiguration;
			buildSettings = {
				BUNDLE_LOADER = "$(TEST_HOST)";
				GENERATE_INFOPLIST_FILE = YES;
				LD_RUNPATH_SEARCH_PATHS = (
					"$(inherited)",
					"@executable_path/Frameworks",
					"@loader_path/Frameworks",
				);
				PRODUCT_BUNDLE_IDENTIFIER = design.salini.SaliniTests;
				SDKROOT = iphoneos;
				TARGETED_DEVICE_FAMILY = "1,2";
				TEST_HOST = "$(BUILT_PRODUCTS_DIR)/Salini.app/Salini";
			};
			name = Release;
		};
		52C7A791DA300352309A0E64 /* Debug */ = {
			isa = XCBuildConfiguration;
			buildSettings = {
				ALWAYS_SEARCH_USER_PATHS = NO;
				CLANG_ANALYZER_NONNULL = YES;
				CLANG_ANALYZER_NUMBER_OBJECT_CONVERSION = YES_AGGRESSIVE;
				CLANG_CXX_LANGUAGE_STANDARD = "gnu++14";
				CLANG_CXX_LIBRARY = "libc++";
				CLANG_ENABLE_MODULES = YES;
				CLANG_ENABLE_OBJC_ARC = YES;
				CLANG_ENABLE_OBJC_WEAK = YES;
				CLANG_WARN_BLOCK_CAPTURE_AUTORELEASING = YES;
				CLANG_WARN_BOOL_CONVERSION = YES;
				CLANG_WARN_COMMA = YES;
				CLANG_WARN_CONSTANT_CONVERSION = YES;
				CLANG_WARN_DEPRECATED_OBJC_IMPLEMENTATIONS = YES;
				CLANG_WARN_DIRECT_OBJC_ISA_USAGE = YES_ERROR;
				CLANG_WARN_DOCUMENTATION_COMMENTS = YES;
				CLANG_WARN_EMPTY_BODY = YES;
				CLANG_WARN_ENUM_CONVERSION = YES;
				CLANG_WARN_INFINITE_RECURSION = YES;
				CLANG_WARN_INT_CONVERSION = YES;
				CLANG_WARN_NON_LITERAL_NULL_CONVERSION = YES;
				CLANG_WARN_OBJC_IMPLICIT_RETAIN_SELF = YES;
				CLANG_WARN_OBJC_LITERAL_CONVERSION = YES;
				CLANG_WARN_OBJC_ROOT_CLASS = YES_ERROR;
				CLANG_WARN_QUOTED_INCLUDE_IN_FRAMEWORK_HEADER = YES;
				CLANG_WARN_RANGE_LOOP_ANALYSIS = YES;
				CLANG_WARN_STRICT_PROTOTYPES = YES;
				CLANG_WARN_SUSPICIOUS_MOVE = YES;
				CLANG_WARN_UNGUARDED_AVAILABILITY = YES_AGGRESSIVE;
				CLANG_WARN_UNREACHABLE_CODE = YES;
				CLANG_WARN__DUPLICATE_METHOD_MATCH = YES;
				"CODE_SIGNING_ALLOWED[sdk=iphonesimulator*]" = NO;
				COPY_PHASE_STRIP = NO;
				DEBUG_INFORMATION_FORMAT = dwarf;
				ENABLE_STRICT_OBJC_MSGSEND = YES;
				ENABLE_TESTABILITY = YES;
				GCC_C_LANGUAGE_STANDARD = gnu11;
				GCC_DYNAMIC_NO_PIC = NO;
				GCC_NO_COMMON_BLOCKS = YES;
				GCC_OPTIMIZATION_LEVEL = 0;
				GCC_PREPROCESSOR_DEFINITIONS = (
					"$(inherited)",
					"DEBUG=1",
				);
				GCC_WARN_64_TO_32_BIT_CONVERSION = YES;
				GCC_WARN_ABOUT_RETURN_TYPE = YES_ERROR;
				GCC_WARN_UNDECLARED_SELECTOR = YES;
				GCC_WARN_UNINITIALIZED_AUTOS = YES_AGGRESSIVE;
				GCC_WARN_UNUSED_FUNCTION = YES;
				GCC_WARN_UNUSED_VARIABLE = YES;
				IPHONEOS_DEPLOYMENT_TARGET = 27.0;
				MTL_ENABLE_DEBUG_INFO = INCLUDE_SOURCE;
				MTL_FAST_MATH = YES;
				ONLY_ACTIVE_ARCH = YES;
				PRODUCT_NAME = "$(TARGET_NAME)";
				SDKROOT = iphoneos;
				SWIFT_ACTIVE_COMPILATION_CONDITIONS = DEBUG;
				SWIFT_OPTIMIZATION_LEVEL = "-Onone";
				SWIFT_VERSION = 5.0;
				TARGETED_DEVICE_FAMILY = "1,2";
			};
			name = Debug;
		};
		576056E7526DCD252908F5DD /* Release */ = {
			isa = XCBuildConfiguration;
			buildSettings = {
				ALWAYS_SEARCH_USER_PATHS = NO;
				CLANG_ANALYZER_NONNULL = YES;
				CLANG_ANALYZER_NUMBER_OBJECT_CONVERSION = YES_AGGRESSIVE;
				CLANG_CXX_LANGUAGE_STANDARD = "gnu++14";
				CLANG_CXX_LIBRARY = "libc++";
				CLANG_ENABLE_MODULES = YES;
				CLANG_ENABLE_OBJC_ARC = YES;
				CLANG_ENABLE_OBJC_WEAK = YES;
				CLANG_WARN_BLOCK_CAPTURE_AUTORELEASING = YES;
				CLANG_WARN_BOOL_CONVERSION = YES;
				CLANG_WARN_COMMA = YES;
				CLANG_WARN_CONSTANT_CONVERSION = YES;
				CLANG_WARN_DEPRECATED_OBJC_IMPLEMENTATIONS = YES;
				CLANG_WARN_DIRECT_OBJC_ISA_USAGE = YES_ERROR;
				CLANG_WARN_DOCUMENTATION_COMMENTS = YES;
				CLANG_WARN_EMPTY_BODY = YES;
				CLANG_WARN_ENUM_CONVERSION = YES;
				CLANG_WARN_INFINITE_RECURSION = YES;
				CLANG_WARN_INT_CONVERSION = YES;
				CLANG_WARN_NON_LITERAL_NULL_CONVERSION = YES;
				CLANG_WARN_OBJC_IMPLICIT_RETAIN_SELF = YES;
				CLANG_WARN_OBJC_LITERAL_CONVERSION = YES;
				CLANG_WARN_OBJC_ROOT_CLASS = YES_ERROR;
				CLANG_WARN_QUOTED_INCLUDE_IN_FRAMEWORK_HEADER = YES;
				CLANG_WARN_RANGE_LOOP_ANALYSIS = YES;
				CLANG_WARN_STRICT_PROTOTYPES = YES;
				CLANG_WARN_SUSPICIOUS_MOVE = YES;
				CLANG_WARN_UNGUARDED_AVAILABILITY = YES_AGGRESSIVE;
				CLANG_WARN_UNREACHABLE_CODE = YES;
				CLANG_WARN__DUPLICATE_METHOD_MATCH = YES;
				"CODE_SIGNING_ALLOWED[sdk=iphonesimulator*]" = NO;
				COPY_PHASE_STRIP = NO;
				DEBUG_INFORMATION_FORMAT = "dwarf-with-dsym";
				ENABLE_NS_ASSERTIONS = NO;
				ENABLE_STRICT_OBJC_MSGSEND = YES;
				GCC_C_LANGUAGE_STANDARD = gnu11;
				GCC_NO_COMMON_BLOCKS = YES;
				GCC_WARN_64_TO_32_BIT_CONVERSION = YES;
				GCC_WARN_ABOUT_RETURN_TYPE = YES_ERROR;
				GCC_WARN_UNDECLARED_SELECTOR = YES;
				GCC_WARN_UNINITIALIZED_AUTOS = YES_AGGRESSIVE;
				GCC_WARN_UNUSED_FUNCTION = YES;
				GCC_WARN_UNUSED_VARIABLE = YES;
				IPHONEOS_DEPLOYMENT_TARGET = 27.0;
				MTL_ENABLE_DEBUG_INFO = NO;
				MTL_FAST_MATH = YES;
				PRODUCT_NAME = "$(TARGET_NAME)";
				SDKROOT = iphoneos;
				SWIFT_COMPILATION_MODE = wholemodule;
				SWIFT_OPTIMIZATION_LEVEL = "-O";
				SWIFT_VERSION = 5.0;
				TARGETED_DEVICE_FAMILY = "1,2";
			};
			name = Release;
		};
		7926A48480390EEE66397C31 /* Debug */ = {
			isa = XCBuildConfiguration;
			buildSettings = {
				ASSETCATALOG_COMPILER_APPICON_NAME = AppIcon;
				CODE_SIGN_IDENTITY = "iPhone Developer";
				CODE_SIGN_STYLE = Automatic;
				CURRENT_PROJECT_VERSION = 11;
				DEVELOPMENT_TEAM = TQ5SCF3KQZ;
				GENERATE_INFOPLIST_FILE = YES;
				INFOPLIST_FILE = Salini/Info.plist;
				INFOPLIST_KEY_CFBundleDisplayName = Salini;
				INFOPLIST_KEY_ITSAppUsesNonExemptEncryption = NO;
				INFOPLIST_KEY_UIApplicationSceneManifest_Generation = NO;
				INFOPLIST_KEY_UILaunchScreen_Generation = YES;
				INFOPLIST_KEY_UIStatusBarStyle = UIStatusBarStyleDefault;
				LD_RUNPATH_SEARCH_PATHS = (
					"$(inherited)",
					"@executable_path/Frameworks",
				);
				MARKETING_VERSION = 1.0;
				PRODUCT_BUNDLE_IDENTIFIER = design.salini.experience;
				SDKROOT = iphoneos;
				TARGETED_DEVICE_FAMILY = "1,2";
			};
			name = Debug;
		};
/* End XCBuildConfiguration section */

/* Begin XCConfigurationList section */
		588542FB38A05B9A4FE1E160 /* Build configuration list for PBXNativeTarget "Salini" */ = {
			isa = XCConfigurationList;
			buildConfigurations = (
				7926A48480390EEE66397C31 /* Debug */,
				2BAAD86241FC545A0B0F5A06 /* Release */,
			);
			defaultConfigurationIsVisible = 0;
			defaultConfigurationName = Debug;
		};
		B4F98E5A60BFB360489BFE7C /* Build configuration list for PBXProject "Salini" */ = {
			isa = XCConfigurationList;
			buildConfigurations = (
				52C7A791DA300352309A0E64 /* Debug */,
				576056E7526DCD252908F5DD /* Release */,
			);
			defaultConfigurationIsVisible = 0;
			defaultConfigurationName = Debug;
		};
		E600D607A2B7A56DDD87D064 /* Build configuration list for PBXNativeTarget "SaliniTests" */ = {
			isa = XCConfigurationList;
			buildConfigurations = (
				34B515F47510DDAF3D34A025 /* Debug */,
				47C9768F4A2DCE36FD3045E8 /* Release */,
			);
			defaultConfigurationIsVisible = 0;
			defaultConfigurationName = Debug;
		};
/* End XCConfigurationList section */
	};
	rootObject = 99B683EC994CD1AD8491DF32 /* Project object */;
}
